
Microsoft Visual Studio Solution File, Format Version 12.00
# Visual Studio Version 17
VisualStudioVersion = 17.5.33502.453
MinimumVisualStudioVersion = 10.0.40219.1
Project("{9A19103F-16F7-4668-BE54-9A1E7A4F7556}") = "View", "View\View.csproj", "{252AEF92-BEDB-4F08-863A-5DE26FA7EFEF}"
EndProject
Project("{9A19103F-16F7-4668-BE54-9A1E7A4F7556}") = "ViewModel", "ViewModel\ViewModel.csproj", "{42EBCF80-DE9A-46E7-9F9C-E627D98B17DA}"
EndProject
Project("{9A19103F-16F7-4668-BE54-9A1E7A4F7556}") = "Model", "Model\Model.csproj", "{843C8907-947D-4610-A726-F068A74692C0}"
EndProject
Project("{9A19103F-16F7-4668-BE54-9A1E7A4F7556}") = "Logic", "Logika\Logic.csproj", "{737EFB85-56D5-4686-B47F-8C2C78129C58}"
EndProject
Project("{9A19103F-16F7-4668-BE54-9A1E7A4F7556}") = "Data", "Dane\Data.csproj", "{7D941878-2D05-4CE0-8794-FB432DD43340}"
EndProject
Project("{9A19103F-16F7-4668-BE54-9A1E7A4F7556}") = "LogicTest", "LogikaTest\LogicTest.csproj", "{D06F129C-DD8C-4D76-BAAC-274F8587209F}"
EndProject
Project("{9A19103F-16F7-4668-BE54-9A1E7A4F7556}") = "DataTest", "DataTest\DataTest.csproj", "{2D17D1F4-5847-46B2-BC8B-E3D43D7C675C}"
EndProject
Project("{2150E333-8FDC-42A3-9474-1A3956D46DE8}") = "Elementy rozwiązania", "Elementy rozwiązania", "{1E4AFBBD-41B4-41D7-821E-D53822696D0F}"
	ProjectSection(SolutionItems) = preProject
		Graph1.dgml = Graph1.dgml
		README.md = README.md
	EndProjectSection
EndProject
Global
	GlobalSection(SolutionConfigurationPlatforms) = preSolution
		Debug|Any CPU = Debug|Any CPU
		Release|Any CPU = Release|Any CPU
	EndGlobalSection
	GlobalSection(ProjectConfigurationPlatforms) = postSolution
		{252AEF92-BEDB-4F08-863A-5DE26FA7EFEF}.Debug|Any CPU.ActiveCfg = Debug|Any CPU
		{252AEF92-BEDB-4F08-863A-5DE26FA7EFEF}.Debug|Any CPU.Build.0 = Debug|Any CPU
		{252AEF92-BEDB-4F08-863A-5DE26FA7EFEF}.Release|Any CPU.ActiveCfg = Release|Any CPU
		{252AEF92-BEDB-4F08-863A-5DE26FA7EFEF}.Release|Any CPU.Build.0 = Release|Any CPU
		{42EBCF80-DE9A-46E7-9F9C-E627D98B17DA}.Debug|Any CPU.ActiveCfg = Debug|Any CPU
		{42EBCF80-DE9A-46E7-9F9C-E627D98B17DA}.Debug|Any CPU.Build.0 = Debug|Any CPU
		{42EBCF80-DE9A-46E7-9F9C-E627D98B17DA}.Release|Any CPU.ActiveCfg = Release|Any CPU
		{42EBCF80-DE9A-46E7-9F9C-E627D98B17DA}.Release|Any CPU.Build.0 = Release|Any CPU
		{843C8907-947D-4610-A726-F068A74692C0}.Debug|Any CPU.ActiveCfg = Debug|Any CPU
		{843C8907-947D-4610-A726-F068A74692C0}.Debug|Any CPU.Build.0 = Debug|Any CPU
		{843C8907-947D-4610-A726-F068A74692C0}.Release|Any CPU.ActiveCfg = Release|Any CPU
		{843C8907-947D-4610-A726-F068A74692C0}.Release|Any CPU.Build.0 = Release|Any CPU
		{737EFB85-56D5-4686-B47F-8C2C78129C58}.Debug|Any CPU.ActiveCfg = Debug|Any CPU
		{737EFB85-56D5-4686-B47F-8C2C78129C58}.Debug|Any CPU.Build.0 = Debug|Any CPU
		{737EFB85-56D5-4686-B47F-8C2C78129C58}.Release|Any CPU.ActiveCfg = Release|Any CPU
		{737EFB85-56D5-4686-B47F-8C2C78129C58}.Release|Any CPU.Build.0 = Release|Any CPU
		{7D941878-2D05-4CE0-8794-FB432DD43340}.Debug|Any CPU.ActiveCfg = Debug|Any CPU
		{7D941878-2D05-4CE0-8794-FB432DD43340}.Debug|Any CPU.Build.0 = Debug|Any CPU
		{7D941878-2D05-4CE0-8794-FB432DD43340}.Release|Any CPU.ActiveCfg = Release|Any CPU
		{7D941878-2D05-4CE0-8794-FB432DD43340}.Release|Any CPU.Build.0 = Release|Any CPU
		{D06F129C-DD8C-4D76-BAAC-274F8587209F}.Debug|Any CPU.ActiveCfg = Debug|Any CPU
		{D06F129C-DD8C-4D76-BAAC-274F8587209F}.Debug|Any CPU.Build.0 = Debug|Any CPU
		{D06F129C-DD8C-4D76-BAAC-274F8587209F}.Release|Any CPU.ActiveCfg = Release|Any CPU
		{D06F129C-DD8C-4D76-BAAC-274F8587209F}.Release|Any CPU.Build.0 = Release|Any CPU
		{2D17D1F4-5847-46B2-BC8B-E3D43D7C675C}.Debug|Any CPU.ActiveCfg = Debug|Any CPU
		{2D17D1F4-5847-46B2-BC8B-E3D43D7C675C}.Debug|Any CPU.Build.0 = Debug|Any CPU
		{2D17D1F4-5847-46B2-BC8B-E3D43D7C675C}.Release|Any CPU.ActiveCfg = Release|Any CPU
		{2D17D1F4-5847-46B2-BC8B-E3D43D7C675C}.Release|Any CPU.Build.0 = Release|Any CPU
	EndGlobalSection
	GlobalSection(SolutionProperties) = preSolution
		HideSolutionNode = FALSE
	EndGlobalSection
	GlobalSection(ExtensibilityGlobals) = postSolution
		SolutionGuid = {28EDB460-DF60-4E17-9DE1-920E3B741C0D}
	EndGlobalSection
EndGlobal
